
Microsoft Visual Studio Solution File, Format Version 12.00
# Visual Studio Version 16
VisualStudioVersion = 16.0.31729.503
MinimumVisualStudioVersion = 10.0.40219.1
Project("{FAE04EC0-301F-11D3-BF4B-00C04F79EFBC}") = "Problema_1", "Problema_1\Problema_1.csproj", "{31E6B29F-9F2F-43F4-AE42-D83D1A31640D}"
EndProject
Project("{FAE04EC0-301F-11D3-BF4B-00C04F79EFBC}") = "Problema_2", "..\Problema_2\Problema_2.csproj", "{CCE2341B-DEE3-427A-823B-59D2B448E30A}"
EndProject
Project("{FAE04EC0-301F-11D3-BF4B-00C04F79EFBC}") = "Problema_3", "..\Problema_3\Problema_3.csproj", "{64809342-628E-45B2-803E-4132A86FE3EA}"
EndProject
Project("{FAE04EC0-301F-11D3-BF4B-00C04F79EFBC}") = "Problema_4", "..\Problema_4\Problema_4.csproj", "{EE7F9160-70DF-41AF-9BF0-39B63F56C416}"
EndProject
Project("{FAE04EC0-301F-11D3-BF4B-00C04F79EFBC}") = "Problema_5", "..\Problema_5\Problema_5.csproj", "{E498C9B9-E94F-4C8A-B929-8BB754A0C468}"
EndProject
Project("{FAE04EC0-301F-11D3-BF4B-00C04F79EFBC}") = "Problema_6", "..\Problema_6\Problema_6.csproj", "{C992C3D2-953A-4A05-BA77-55CBBE256437}"
EndProject
Project("{FAE04EC0-301F-11D3-BF4B-00C04F79EFBC}") = "Problema_7", "..\Problema_7\Problema_7.csproj", "{71C097CA-DC42-4E27-A928-FB1900FC8F25}"
EndProject
Project("{FAE04EC0-301F-11D3-BF4B-00C04F79EFBC}") = "Problema_8", "..\Problema_8\Problema_8.csproj", "{A4780B7B-36B6-4F58-AC1A-4127313C7EF6}"
EndProject
Project("{FAE04EC0-301F-11D3-BF4B-00C04F79EFBC}") = "Problema_9", "..\Problema_9\Problema_9.csproj", "{5AD7E874-C244-49D7-A45E-78B8B18DCD51}"
EndProject
Project("{FAE04EC0-301F-11D3-BF4B-00C04F79EFBC}") = "Problema_10", "..\Problema_10\Problema_10.csproj", "{66018FC7-62BB-41C2-A2E1-B749F4BF949F}"
EndProject
Project("{FAE04EC0-301F-11D3-BF4B-00C04F79EFBC}") = "Problema_11", "..\Problema_11\Problema_11.csproj", "{8B7EB265-90B3-433D-9180-AE23338339C4}"
EndProject
Project("{FAE04EC0-301F-11D3-BF4B-00C04F79EFBC}") = "Problema_12", "..\Problema_12\Problema_12.csproj", "{1AF57633-1CD0-4264-B924-41FC037DC46B}"
EndProject
Project("{FAE04EC0-301F-11D3-BF4B-00C04F79EFBC}") = "Problema_13", "..\Problema_13\Problema_13.csproj", "{E4F29618-F1F2-49F9-BD75-A18FC62883E8}"
EndProject
Project("{FAE04EC0-301F-11D3-BF4B-00C04F79EFBC}") = "Problema_14", "..\Problema_14\Problema_14.csproj", "{7C45D68B-1E29-4D17-A484-49F3335C87E3}"
EndProject
Project("{FAE04EC0-301F-11D3-BF4B-00C04F79EFBC}") = "Problema_15", "..\Problema_15\Problema_15.csproj", "{E10E7F93-4835-47CD-A663-5E504087C447}"
EndProject
Project("{FAE04EC0-301F-11D3-BF4B-00C04F79EFBC}") = "Problema_16", "..\Problema_16\Problema_16.csproj", "{2BBD9AA2-E08F-4D3A-8797-5AC94BB85312}"
EndProject
Project("{FAE04EC0-301F-11D3-BF4B-00C04F79EFBC}") = "Problema_17", "..\Problema_17\Problema_17.csproj", "{307B2334-E453-4EA0-8655-DBE6ED954DEA}"
EndProject
Project("{FAE04EC0-301F-11D3-BF4B-00C04F79EFBC}") = "Problema_18", "..\Problema_18\Problema_18.csproj", "{8009FAD1-0CBD-475C-92A5-E61845311128}"
EndProject
Project("{FAE04EC0-301F-11D3-BF4B-00C04F79EFBC}") = "Problema_19", "..\Problema_19\Problema_19.csproj", "{7D7D997D-19F6-4E14-99B4-09E44A7246AF}"
EndProject
Project("{FAE04EC0-301F-11D3-BF4B-00C04F79EFBC}") = "Problema_20", "..\Problema_20\Problema_20.csproj", "{B54333EE-A207-44FE-A34E-1DB31565EE7F}"
EndProject
Project("{FAE04EC0-301F-11D3-BF4B-00C04F79EFBC}") = "Problema_21", "..\Problema_21\Problema_21.csproj", "{73284157-8D60-4E92-9F65-37B615A70B9E}"
EndProject
Project("{FAE04EC0-301F-11D3-BF4B-00C04F79EFBC}") = "Problema_22", "..\Problema_22\Problema_22.csproj", "{796B14E8-61B4-4D75-A1CB-A9C19D642626}"
EndProject
Project("{FAE04EC0-301F-11D3-BF4B-00C04F79EFBC}") = "Problema_23", "..\Problema_23\Problema_23.csproj", "{5A3BFD30-4B79-404C-816D-FF2ED4BBE68B}"
EndProject
Project("{FAE04EC0-301F-11D3-BF4B-00C04F79EFBC}") = "Problema_24", "..\Problema_24\Problema_24.csproj", "{14A822F5-3706-48B4-A047-03ACA1BC5ED6}"
EndProject
Project("{FAE04EC0-301F-11D3-BF4B-00C04F79EFBC}") = "Problema_25", "..\Problema_25\Problema_25.csproj", "{934999DC-33D2-4BE3-A353-770871327223}"
EndProject
Project("{FAE04EC0-301F-11D3-BF4B-00C04F79EFBC}") = "Problema_26", "..\Problema_26\Problema_26.csproj", "{7FFE9637-02CD-4A1F-A638-01574ABA9389}"
EndProject
Project("{FAE04EC0-301F-11D3-BF4B-00C04F79EFBC}") = "Problema_27", "..\Problema_27\Problema_27.csproj", "{4B18B3F7-AAB8-4ADF-BE2A-10CA894B5752}"
EndProject
Project("{FAE04EC0-301F-11D3-BF4B-00C04F79EFBC}") = "Problema_28", "..\Problema_28\Problema_28.csproj", "{F651BEE8-21B1-45B0-8DE0-D3BFB04FA452}"
EndProject
Project("{FAE04EC0-301F-11D3-BF4B-00C04F79EFBC}") = "Problema_29", "..\Problema_29\Problema_29.csproj", "{E083E706-B9E3-4D14-8EA7-ABD63A98378A}"
EndProject
Project("{FAE04EC0-301F-11D3-BF4B-00C04F79EFBC}") = "Problema_30", "..\Problema_30\Problema_30.csproj", "{48FC8C48-988C-46A3-AE0B-6AAA99A83A96}"
EndProject
Project("{FAE04EC0-301F-11D3-BF4B-00C04F79EFBC}") = "Problema_31", "..\Problema_31\Problema_31.csproj", "{77B02F26-CC8C-41A1-9B27-F1B5166CE82D}"
EndProject
Project("{FAE04EC0-301F-11D3-BF4B-00C04F79EFBC}") = "Problema_32", "..\Problema_32\Problema_32.csproj", "{291A2B3C-0FD7-4425-964C-CE636F281E45}"
EndProject
Project("{FAE04EC0-301F-11D3-BF4B-00C04F79EFBC}") = "Problema_33", "..\Problema_33\Problema_33.csproj", "{4911D76F-7127-442B-8905-0C76714276AD}"
EndProject
Global
	GlobalSection(SolutionConfigurationPlatforms) = preSolution
		Debug|Any CPU = Debug|Any CPU
		Release|Any CPU = Release|Any CPU
	EndGlobalSection
	GlobalSection(ProjectConfigurationPlatforms) = postSolution
		{31E6B29F-9F2F-43F4-AE42-D83D1A31640D}.Debug|Any CPU.ActiveCfg = Debug|Any CPU
		{31E6B29F-9F2F-43F4-AE42-D83D1A31640D}.Debug|Any CPU.Build.0 = Debug|Any CPU
		{31E6B29F-9F2F-43F4-AE42-D83D1A31640D}.Release|Any CPU.ActiveCfg = Release|Any CPU
		{31E6B29F-9F2F-43F4-AE42-D83D1A31640D}.Release|Any CPU.Build.0 = Release|Any CPU
		{CCE2341B-DEE3-427A-823B-59D2B448E30A}.Debug|Any CPU.ActiveCfg = Debug|Any CPU
		{CCE2341B-DEE3-427A-823B-59D2B448E30A}.Debug|Any CPU.Build.0 = Debug|Any CPU
		{CCE2341B-DEE3-427A-823B-59D2B448E30A}.Release|Any CPU.ActiveCfg = Release|Any CPU
		{CCE2341B-DEE3-427A-823B-59D2B448E30A}.Release|Any CPU.Build.0 = Release|Any CPU
		{64809342-628E-45B2-803E-4132A86FE3EA}.Debug|Any CPU.ActiveCfg = Debug|Any CPU
		{64809342-628E-45B2-803E-4132A86FE3EA}.Debug|Any CPU.Build.0 = Debug|Any CPU
		{64809342-628E-45B2-803E-4132A86FE3EA}.Release|Any CPU.ActiveCfg = Release|Any CPU
		{64809342-628E-45B2-803E-4132A86FE3EA}.Release|Any CPU.Build.0 = Release|Any CPU
		{EE7F9160-70DF-41AF-9BF0-39B63F56C416}.Debug|Any CPU.ActiveCfg = Debug|Any CPU
		{EE7F9160-70DF-41AF-9BF0-39B63F56C416}.Debug|Any CPU.Build.0 = Debug|Any CPU
		{EE7F9160-70DF-41AF-9BF0-39B63F56C416}.Release|Any CPU.ActiveCfg = Release|Any CPU
		{EE7F9160-70DF-41AF-9BF0-39B63F56C416}.Release|Any CPU.Build.0 = Release|Any CPU
		{E498C9B9-E94F-4C8A-B929-8BB754A0C468}.Debug|Any CPU.ActiveCfg = Debug|Any CPU
		{E498C9B9-E94F-4C8A-B929-8BB754A0C468}.Debug|Any CPU.Build.0 = Debug|Any CPU
		{E498C9B9-E94F-4C8A-B929-8BB754A0C468}.Release|Any CPU.ActiveCfg = Release|Any CPU
		{E498C9B9-E94F-4C8A-B929-8BB754A0C468}.Release|Any CPU.Build.0 = Release|Any CPU
		{C992C3D2-953A-4A05-BA77-55CBBE256437}.Debug|Any CPU.ActiveCfg = Debug|Any CPU
		{C992C3D2-953A-4A05-BA77-55CBBE256437}.Debug|Any CPU.Build.0 = Debug|Any CPU
		{C992C3D2-953A-4A05-BA77-55CBBE256437}.Release|Any CPU.ActiveCfg = Release|Any CPU
		{C992C3D2-953A-4A05-BA77-55CBBE256437}.Release|Any CPU.Build.0 = Release|Any CPU
		{71C097CA-DC42-4E27-A928-FB1900FC8F25}.Debug|Any CPU.ActiveCfg = Debug|Any CPU
		{71C097CA-DC42-4E27-A928-FB1900FC8F25}.Debug|Any CPU.Build.0 = Debug|Any CPU
		{71C097CA-DC42-4E27-A928-FB1900FC8F25}.Release|Any CPU.ActiveCfg = Release|Any CPU
		{71C097CA-DC42-4E27-A928-FB1900FC8F25}.Release|Any CPU.Build.0 = Release|Any CPU
		{A4780B7B-36B6-4F58-AC1A-4127313C7EF6}.Debug|Any CPU.ActiveCfg = Debug|Any CPU
		{A4780B7B-36B6-4F58-AC1A-4127313C7EF6}.Debug|Any CPU.Build.0 = Debug|Any CPU
		{A4780B7B-36B6-4F58-AC1A-4127313C7EF6}.Release|Any CPU.ActiveCfg = Release|Any CPU
		{A4780B7B-36B6-4F58-AC1A-4127313C7EF6}.Release|Any CPU.Build.0 = Release|Any CPU
		{5AD7E874-C244-49D7-A45E-78B8B18DCD51}.Debug|Any CPU.ActiveCfg = Debug|Any CPU
		{5AD7E874-C244-49D7-A45E-78B8B18DCD51}.Debug|Any CPU.Build.0 = Debug|Any CPU
		{5AD7E874-C244-49D7-A45E-78B8B18DCD51}.Release|Any CPU.ActiveCfg = Release|Any CPU
		{5AD7E874-C244-49D7-A45E-78B8B18DCD51}.Release|Any CPU.Build.0 = Release|Any CPU
		{66018FC7-62BB-41C2-A2E1-B749F4BF949F}.Debug|Any CPU.ActiveCfg = Debug|Any CPU
		{66018FC7-62BB-41C2-A2E1-B749F4BF949F}.Debug|Any CPU.Build.0 = Debug|Any CPU
		{66018FC7-62BB-41C2-A2E1-B749F4BF949F}.Release|Any CPU.ActiveCfg = Release|Any CPU
		{66018FC7-62BB-41C2-A2E1-B749F4BF949F}.Release|Any CPU.Build.0 = Release|Any CPU
		{8B7EB265-90B3-433D-9180-AE23338339C4}.Debug|Any CPU.ActiveCfg = Debug|Any CPU
		{8B7EB265-90B3-433D-9180-AE23338339C4}.Debug|Any CPU.Build.0 = Debug|Any CPU
		{8B7EB265-90B3-433D-9180-AE23338339C4}.Release|Any CPU.ActiveCfg = Release|Any CPU
		{8B7EB265-90B3-433D-9180-AE23338339C4}.Release|Any CPU.Build.0 = Release|Any CPU
		{1AF57633-1CD0-4264-B924-41FC037DC46B}.Debug|Any CPU.ActiveCfg = Debug|Any CPU
		{1AF57633-1CD0-4264-B924-41FC037DC46B}.Debug|Any CPU.Build.0 = Debug|Any CPU
		{1AF57633-1CD0-4264-B924-41FC037DC46B}.Release|Any CPU.ActiveCfg = Release|Any CPU
		{1AF57633-1CD0-4264-B924-41FC037DC46B}.Release|Any CPU.Build.0 = Release|Any CPU
		{E4F29618-F1F2-49F9-BD75-A18FC62883E8}.Debug|Any CPU.ActiveCfg = Debug|Any CPU
		{E4F29618-F1F2-49F9-BD75-A18FC62883E8}.Debug|Any CPU.Build.0 = Debug|Any CPU
		{E4F29618-F1F2-49F9-BD75-A18FC62883E8}.Release|Any CPU.ActiveCfg = Release|Any CPU
		{E4F29618-F1F2-49F9-BD75-A18FC62883E8}.Release|Any CPU.Build.0 = Release|Any CPU
		{7C45D68B-1E29-4D17-A484-49F3335C87E3}.Debug|Any CPU.ActiveCfg = Debug|Any CPU
		{7C45D68B-1E29-4D17-A484-49F3335C87E3}.Debug|Any CPU.Build.0 = Debug|Any CPU
		{7C45D68B-1E29-4D17-A484-49F3335C87E3}.Release|Any CPU.ActiveCfg = Release|Any CPU
		{7C45D68B-1E29-4D17-A484-49F3335C87E3}.Release|Any CPU.Build.0 = Release|Any CPU
		{E10E7F93-4835-47CD-A663-5E504087C447}.Debug|Any CPU.ActiveCfg = Debug|Any CPU
		{E10E7F93-4835-47CD-A663-5E504087C447}.Debug|Any CPU.Build.0 = Debug|Any CPU
		{E10E7F93-4835-47CD-A663-5E504087C447}.Release|Any CPU.ActiveCfg = Release|Any CPU
		{E10E7F93-4835-47CD-A663-5E504087C447}.Release|Any CPU.Build.0 = Release|Any CPU
		{2BBD9AA2-E08F-4D3A-8797-5AC94BB85312}.Debug|Any CPU.ActiveCfg = Debug|Any CPU
		{2BBD9AA2-E08F-4D3A-8797-5AC94BB85312}.Debug|Any CPU.Build.0 = Debug|Any CPU
		{2BBD9AA2-E08F-4D3A-8797-5AC94BB85312}.Release|Any CPU.ActiveCfg = Release|Any CPU
		{2BBD9AA2-E08F-4D3A-8797-5AC94BB85312}.Release|Any CPU.Build.0 = Release|Any CPU
		{307B2334-E453-4EA0-8655-DBE6ED954DEA}.Debug|Any CPU.ActiveCfg = Debug|Any CPU
		{307B2334-E453-4EA0-8655-DBE6ED954DEA}.Debug|Any CPU.Build.0 = Debug|Any CPU
		{307B2334-E453-4EA0-8655-DBE6ED954DEA}.Release|Any CPU.ActiveCfg = Release|Any CPU
		{307B2334-E453-4EA0-8655-DBE6ED954DEA}.Release|Any CPU.Build.0 = Release|Any CPU
		{8009FAD1-0CBD-475C-92A5-E61845311128}.Debug|Any CPU.ActiveCfg = Debug|Any CPU
		{8009FAD1-0CBD-475C-92A5-E61845311128}.Debug|Any CPU.Build.0 = Debug|Any CPU
		{8009FAD1-0CBD-475C-92A5-E61845311128}.Release|Any CPU.ActiveCfg = Release|Any CPU
		{8009FAD1-0CBD-475C-92A5-E61845311128}.Release|Any CPU.Build.0 = Release|Any CPU
		{7D7D997D-19F6-4E14-99B4-09E44A7246AF}.Debug|Any CPU.ActiveCfg = Debug|Any CPU
		{7D7D997D-19F6-4E14-99B4-09E44A7246AF}.Debug|Any CPU.Build.0 = Debug|Any CPU
		{7D7D997D-19F6-4E14-99B4-09E44A7246AF}.Release|Any CPU.ActiveCfg = Release|Any CPU
		{7D7D997D-19F6-4E14-99B4-09E44A7246AF}.Release|Any CPU.Build.0 = Release|Any CPU
		{B54333EE-A207-44FE-A34E-1DB31565EE7F}.Debug|Any CPU.ActiveCfg = Debug|Any CPU
		{B54333EE-A207-44FE-A34E-1DB31565EE7F}.Debug|Any CPU.Build.0 = Debug|Any CPU
		{B54333EE-A207-44FE-A34E-1DB31565EE7F}.Release|Any CPU.ActiveCfg = Release|Any CPU
		{B54333EE-A207-44FE-A34E-1DB31565EE7F}.Release|Any CPU.Build.0 = Release|Any CPU
		{73284157-8D60-4E92-9F65-37B615A70B9E}.Debug|Any CPU.ActiveCfg = Debug|Any CPU
		{73284157-8D60-4E92-9F65-37B615A70B9E}.Debug|Any CPU.Build.0 = Debug|Any CPU
		{73284157-8D60-4E92-9F65-37B615A70B9E}.Release|Any CPU.ActiveCfg = Release|Any CPU
		{73284157-8D60-4E92-9F65-37B615A70B9E}.Release|Any CPU.Build.0 = Release|Any CPU
		{796B14E8-61B4-4D75-A1CB-A9C19D642626}.Debug|Any CPU.ActiveCfg = Debug|Any CPU
		{796B14E8-61B4-4D75-A1CB-A9C19D642626}.Debug|Any CPU.Build.0 = Debug|Any CPU
		{796B14E8-61B4-4D75-A1CB-A9C19D642626}.Release|Any CPU.ActiveCfg = Release|Any CPU
		{796B14E8-61B4-4D75-A1CB-A9C19D642626}.Release|Any CPU.Build.0 = Release|Any CPU
		{5A3BFD30-4B79-404C-816D-FF2ED4BBE68B}.Debug|Any CPU.ActiveCfg = Debug|Any CPU
		{5A3BFD30-4B79-404C-816D-FF2ED4BBE68B}.Debug|Any CPU.Build.0 = Debug|Any CPU
		{5A3BFD30-4B79-404C-816D-FF2ED4BBE68B}.Release|Any CPU.ActiveCfg = Release|Any CPU
		{5A3BFD30-4B79-404C-816D-FF2ED4BBE68B}.Release|Any CPU.Build.0 = Release|Any CPU
		{14A822F5-3706-48B4-A047-03ACA1BC5ED6}.Debug|Any CPU.ActiveCfg = Debug|Any CPU
		{14A822F5-3706-48B4-A047-03ACA1BC5ED6}.Debug|Any CPU.Build.0 = Debug|Any CPU
		{14A822F5-3706-48B4-A047-03ACA1BC5ED6}.Release|Any CPU.ActiveCfg = Release|Any CPU
		{14A822F5-3706-48B4-A047-03ACA1BC5ED6}.Release|Any CPU.Build.0 = Release|Any CPU
		{934999DC-33D2-4BE3-A353-770871327223}.Debug|Any CPU.ActiveCfg = Debug|Any CPU
		{934999DC-33D2-4BE3-A353-770871327223}.Debug|Any CPU.Build.0 = Debug|Any CPU
		{934999DC-33D2-4BE3-A353-770871327223}.Release|Any CPU.ActiveCfg = Release|Any CPU
		{934999DC-33D2-4BE3-A353-770871327223}.Release|Any CPU.Build.0 = Release|Any CPU
		{7FFE9637-02CD-4A1F-A638-01574ABA9389}.Debug|Any CPU.ActiveCfg = Debug|Any CPU
		{7FFE9637-02CD-4A1F-A638-01574ABA9389}.Debug|Any CPU.Build.0 = Debug|Any CPU
		{7FFE9637-02CD-4A1F-A638-01574ABA9389}.Release|Any CPU.ActiveCfg = Release|Any CPU
		{7FFE9637-02CD-4A1F-A638-01574ABA9389}.Release|Any CPU.Build.0 = Release|Any CPU
		{4B18B3F7-AAB8-4ADF-BE2A-10CA894B5752}.Debug|Any CPU.ActiveCfg = Debug|Any CPU
		{4B18B3F7-AAB8-4ADF-BE2A-10CA894B5752}.Debug|Any CPU.Build.0 = Debug|Any CPU
		{4B18B3F7-AAB8-4ADF-BE2A-10CA894B5752}.Release|Any CPU.ActiveCfg = Release|Any CPU
		{4B18B3F7-AAB8-4ADF-BE2A-10CA894B5752}.Release|Any CPU.Build.0 = Release|Any CPU
		{F651BEE8-21B1-45B0-8DE0-D3BFB04FA452}.Debug|Any CPU.ActiveCfg = Debug|Any CPU
		{F651BEE8-21B1-45B0-8DE0-D3BFB04FA452}.Debug|Any CPU.Build.0 = Debug|Any CPU
		{F651BEE8-21B1-45B0-8DE0-D3BFB04FA452}.Release|Any CPU.ActiveCfg = Release|Any CPU
		{F651BEE8-21B1-45B0-8DE0-D3BFB04FA452}.Release|Any CPU.Build.0 = Release|Any CPU
		{E083E706-B9E3-4D14-8EA7-ABD63A98378A}.Debug|Any CPU.ActiveCfg = Debug|Any CPU
		{E083E706-B9E3-4D14-8EA7-ABD63A98378A}.Debug|Any CPU.Build.0 = Debug|Any CPU
		{E083E706-B9E3-4D14-8EA7-ABD63A98378A}.Release|Any CPU.ActiveCfg = Release|Any CPU
		{E083E706-B9E3-4D14-8EA7-ABD63A98378A}.Release|Any CPU.Build.0 = Release|Any CPU
		{48FC8C48-988C-46A3-AE0B-6AAA99A83A96}.Debug|Any CPU.ActiveCfg = Debug|Any CPU
		{48FC8C48-988C-46A3-AE0B-6AAA99A83A96}.Debug|Any CPU.Build.0 = Debug|Any CPU
		{48FC8C48-988C-46A3-AE0B-6AAA99A83A96}.Release|Any CPU.ActiveCfg = Release|Any CPU
		{48FC8C48-988C-46A3-AE0B-6AAA99A83A96}.Release|Any CPU.Build.0 = Release|Any CPU
		{77B02F26-CC8C-41A1-9B27-F1B5166CE82D}.Debug|Any CPU.ActiveCfg = Debug|Any CPU
		{77B02F26-CC8C-41A1-9B27-F1B5166CE82D}.Debug|Any CPU.Build.0 = Debug|Any CPU
		{77B02F26-CC8C-41A1-9B27-F1B5166CE82D}.Release|Any CPU.ActiveCfg = Release|Any CPU
		{77B02F26-CC8C-41A1-9B27-F1B5166CE82D}.Release|Any CPU.Build.0 = Release|Any CPU
		{291A2B3C-0FD7-4425-964C-CE636F281E45}.Debug|Any CPU.ActiveCfg = Debug|Any CPU
		{291A2B3C-0FD7-4425-964C-CE636F281E45}.Debug|Any CPU.Build.0 = Debug|Any CPU
		{291A2B3C-0FD7-4425-964C-CE636F281E45}.Release|Any CPU.ActiveCfg = Release|Any CPU
		{291A2B3C-0FD7-4425-964C-CE636F281E45}.Release|Any CPU.Build.0 = Release|Any CPU
		{4911D76F-7127-442B-8905-0C76714276AD}.Debug|Any CPU.ActiveCfg = Debug|Any CPU
		{4911D76F-7127-442B-8905-0C76714276AD}.Debug|Any CPU.Build.0 = Debug|Any CPU
		{4911D76F-7127-442B-8905-0C76714276AD}.Release|Any CPU.ActiveCfg = Release|Any CPU
		{4911D76F-7127-442B-8905-0C76714276AD}.Release|Any CPU.Build.0 = Release|Any CPU
	EndGlobalSection
	GlobalSection(SolutionProperties) = preSolution
		HideSolutionNode = FALSE
	EndGlobalSection
	GlobalSection(ExtensibilityGlobals) = postSolution
		SolutionGuid = {93B30787-B248-44AB-A74E-3A50A2FED3B0}
	EndGlobalSection
EndGlobal
