
Microsoft Visual Studio Solution File, Format Version 12.00
# Visual Studio Version 16
VisualStudioVersion = 16.0.31729.503
MinimumVisualStudioVersion = 10.0.40219.1
Project("{FAE04EC0-301F-11D3-BF4B-00C04F79EFBC}") = "Problema_34", "Problema_34\Problema_34.csproj", "{6F954CB4-D200-43E8-95DB-68476F6E402C}"
EndProject
Project("{FAE04EC0-301F-11D3-BF4B-00C04F79EFBC}") = "Problema_35", "..\Problema_35\Problema_35.csproj", "{6423D4D4-29CA-46E0-87C2-35E0E01D72CC}"
EndProject
Project("{FAE04EC0-301F-11D3-BF4B-00C04F79EFBC}") = "Problema_36", "..\Problema_36\Problema_36.csproj", "{7B5EF464-E011-4FC8-9D55-939116144E5E}"
EndProject
Project("{FAE04EC0-301F-11D3-BF4B-00C04F79EFBC}") = "Problema_37", "..\Problema_37\Problema_37.csproj", "{5F774F65-CF50-499C-813D-1A65E9115A2C}"
EndProject
Project("{FAE04EC0-301F-11D3-BF4B-00C04F79EFBC}") = "Problema_38", "..\Problema_38\Problema_38.csproj", "{BD17CF68-C4AB-4007-86D2-D47AEBEFA134}"
EndProject
Project("{FAE04EC0-301F-11D3-BF4B-00C04F79EFBC}") = "Problema_39", "..\Problema_39\Problema_39.csproj", "{A4B5C5B6-C32F-4DE1-BFAE-125C4468DA08}"
EndProject
Project("{FAE04EC0-301F-11D3-BF4B-00C04F79EFBC}") = "Problema_40", "..\Problema_40\Problema_40.csproj", "{39BD5AE9-A95E-499C-A00E-C91750735942}"
EndProject
Project("{FAE04EC0-301F-11D3-BF4B-00C04F79EFBC}") = "Problema_41", "..\Problema_41\Problema_41.csproj", "{7A398BD7-BE04-4F64-A8BE-12F97E3F126A}"
EndProject
Project("{FAE04EC0-301F-11D3-BF4B-00C04F79EFBC}") = "Problema_42", "Problema_42\Problema_42.csproj", "{C867C164-B5B0-48CB-9443-338F372C1A4C}"
EndProject
Project("{FAE04EC0-301F-11D3-BF4B-00C04F79EFBC}") = "Problema_43", "..\Problema_43\Problema_43.csproj", "{F69A5A0A-DA3C-4150-9D20-27DD8EB609C5}"
EndProject
Project("{FAE04EC0-301F-11D3-BF4B-00C04F79EFBC}") = "Problema_44", "..\Problema_44\Problema_44.csproj", "{CA20CAD1-3B8B-44AC-8A97-2C98B30B5C2F}"
EndProject
Project("{FAE04EC0-301F-11D3-BF4B-00C04F79EFBC}") = "Problema_45", "..\Problema_45\Problema_45.csproj", "{22CEFEC6-E2AB-4D33-A73D-62FC3DB200CD}"
EndProject
Project("{FAE04EC0-301F-11D3-BF4B-00C04F79EFBC}") = "Problema_46", "..\Problema_46\Problema_46.csproj", "{BF52451A-8BBE-4300-A3B9-D15E0AC391CB}"
EndProject
Project("{FAE04EC0-301F-11D3-BF4B-00C04F79EFBC}") = "Problema_47", "..\Problema_47\Problema_47.csproj", "{6E670CD8-207C-4E96-B539-67EB9AC73F80}"
EndProject
Project("{FAE04EC0-301F-11D3-BF4B-00C04F79EFBC}") = "Problema_48", "..\Problema_48\Problema_48.csproj", "{2D694CD4-EF35-4D3A-8EA9-4E0F6BFCF578}"
EndProject
Project("{FAE04EC0-301F-11D3-BF4B-00C04F79EFBC}") = "Problema_49", "..\Problema_49\Problema_49.csproj", "{0D3AC3C6-BFDC-4401-9883-CEBF28673737}"
EndProject
Project("{FAE04EC0-301F-11D3-BF4B-00C04F79EFBC}") = "Problema_50", "..\Problema_50\Problema_50.csproj", "{90EFAF1D-ABD7-4623-A293-091315D840F1}"
EndProject
Project("{FAE04EC0-301F-11D3-BF4B-00C04F79EFBC}") = "Problema_51", "..\Problema_51\Problema_51.csproj", "{475C371E-8E56-4E89-9BBF-1326117B1ED4}"
EndProject
Project("{FAE04EC0-301F-11D3-BF4B-00C04F79EFBC}") = "Problema_52", "..\Problema_52\Problema_52.csproj", "{CB3B8D25-5FB2-4FB5-AAD1-E9EF8C63E700}"
EndProject
Project("{FAE04EC0-301F-11D3-BF4B-00C04F79EFBC}") = "Problema_53", "..\Problema_53\Problema_53.csproj", "{9CECA362-7B1D-411F-A07E-8758B09D34BB}"
EndProject
Project("{FAE04EC0-301F-11D3-BF4B-00C04F79EFBC}") = "Problema_54", "Problema_54\Problema_54.csproj", "{F5B40A91-C8D7-4DEE-8718-E011EA67E461}"
EndProject
Project("{FAE04EC0-301F-11D3-BF4B-00C04F79EFBC}") = "Problema_55", "..\Problema_55\Problema_55.csproj", "{5BFDF4E5-9714-450C-A898-4F3B83377129}"
EndProject
Project("{FAE04EC0-301F-11D3-BF4B-00C04F79EFBC}") = "Problema_56", "..\Problema_56\Problema_56.csproj", "{4EC5DB68-409A-498A-BC04-7D239346011B}"
EndProject
Project("{FAE04EC0-301F-11D3-BF4B-00C04F79EFBC}") = "Problema_57", "..\Problema_57\Problema_57.csproj", "{C7EB7C04-5868-433B-88D3-0CA853811F2B}"
EndProject
Project("{FAE04EC0-301F-11D3-BF4B-00C04F79EFBC}") = "Problema_58", "..\Problema_58\Problema_58.csproj", "{82DA405D-E626-4971-902B-CBC2C71C5525}"
EndProject
Project("{FAE04EC0-301F-11D3-BF4B-00C04F79EFBC}") = "Problema_59", "..\Problema_59\Problema_59.csproj", "{2A27372E-17BC-4D84-94F9-916CCD13C28A}"
EndProject
Project("{FAE04EC0-301F-11D3-BF4B-00C04F79EFBC}") = "Problema_60", "..\Problema_60\Problema_60.csproj", "{34FDB1D8-75F6-4FB6-B0C7-C5989D16672A}"
EndProject
Project("{FAE04EC0-301F-11D3-BF4B-00C04F79EFBC}") = "Problema_61", "..\Problema_61\Problema_61.csproj", "{2C2CD4C3-719C-40E4-9D89-191AB002C605}"
EndProject
Project("{FAE04EC0-301F-11D3-BF4B-00C04F79EFBC}") = "Problema_62", "..\Problema_62\Problema_62.csproj", "{D1670CBF-15E2-4CFD-8D07-F81A973E76CB}"
EndProject
Project("{FAE04EC0-301F-11D3-BF4B-00C04F79EFBC}") = "Problema_63", "..\Problema_63\Problema_63.csproj", "{9E5112F9-9473-40B4-BD9C-C2F28EA78E55}"
EndProject
Project("{FAE04EC0-301F-11D3-BF4B-00C04F79EFBC}") = "Problema_64", "..\Problema_64\Problema_64.csproj", "{28FF93A2-7578-4B52-AC1B-9E75C9CC1607}"
EndProject
Project("{FAE04EC0-301F-11D3-BF4B-00C04F79EFBC}") = "Problema_Sortare_1", "..\Problema_Sortare_1\Problema_Sortare_1.csproj", "{584D28FE-7116-4323-84E3-58BBA96DBA22}"
EndProject
Project("{FAE04EC0-301F-11D3-BF4B-00C04F79EFBC}") = "Problema_Sortare_2", "..\Problema_Sortare_2\Problema_Sortare_2.csproj", "{5A8BE6D7-8D54-40A0-8B9D-8517B04F2C74}"
EndProject
Project("{FAE04EC0-301F-11D3-BF4B-00C04F79EFBC}") = "Problema_Sortare_3", "..\Problema_Sortare_3\Problema_Sortare_3.csproj", "{698618F3-32D2-4946-BB59-20A6E9F93081}"
EndProject
Project("{FAE04EC0-301F-11D3-BF4B-00C04F79EFBC}") = "Problema_Sortare_4", "..\Problema_Sortare_4\Problema_Sortare_4.csproj", "{6F1836C7-4867-4FE6-9877-153D577FEA00}"
EndProject
Project("{FAE04EC0-301F-11D3-BF4B-00C04F79EFBC}") = "Problema_Sortare_5", "..\Problema_Sortare_5\Problema_Sortare_5.csproj", "{312C799A-303E-4E69-BD44-36DD69D45428}"
EndProject
Global
	GlobalSection(SolutionConfigurationPlatforms) = preSolution
		Debug|Any CPU = Debug|Any CPU
		Release|Any CPU = Release|Any CPU
	EndGlobalSection
	GlobalSection(ProjectConfigurationPlatforms) = postSolution
		{6F954CB4-D200-43E8-95DB-68476F6E402C}.Debug|Any CPU.ActiveCfg = Debug|Any CPU
		{6F954CB4-D200-43E8-95DB-68476F6E402C}.Debug|Any CPU.Build.0 = Debug|Any CPU
		{6F954CB4-D200-43E8-95DB-68476F6E402C}.Release|Any CPU.ActiveCfg = Release|Any CPU
		{6F954CB4-D200-43E8-95DB-68476F6E402C}.Release|Any CPU.Build.0 = Release|Any CPU
		{6423D4D4-29CA-46E0-87C2-35E0E01D72CC}.Debug|Any CPU.ActiveCfg = Debug|Any CPU
		{6423D4D4-29CA-46E0-87C2-35E0E01D72CC}.Debug|Any CPU.Build.0 = Debug|Any CPU
		{6423D4D4-29CA-46E0-87C2-35E0E01D72CC}.Release|Any CPU.ActiveCfg = Release|Any CPU
		{6423D4D4-29CA-46E0-87C2-35E0E01D72CC}.Release|Any CPU.Build.0 = Release|Any CPU
		{7B5EF464-E011-4FC8-9D55-939116144E5E}.Debug|Any CPU.ActiveCfg = Debug|Any CPU
		{7B5EF464-E011-4FC8-9D55-939116144E5E}.Debug|Any CPU.Build.0 = Debug|Any CPU
		{7B5EF464-E011-4FC8-9D55-939116144E5E}.Release|Any CPU.ActiveCfg = Release|Any CPU
		{7B5EF464-E011-4FC8-9D55-939116144E5E}.Release|Any CPU.Build.0 = Release|Any CPU
		{5F774F65-CF50-499C-813D-1A65E9115A2C}.Debug|Any CPU.ActiveCfg = Debug|Any CPU
		{5F774F65-CF50-499C-813D-1A65E9115A2C}.Debug|Any CPU.Build.0 = Debug|Any CPU
		{5F774F65-CF50-499C-813D-1A65E9115A2C}.Release|Any CPU.ActiveCfg = Release|Any CPU
		{5F774F65-CF50-499C-813D-1A65E9115A2C}.Release|Any CPU.Build.0 = Release|Any CPU
		{BD17CF68-C4AB-4007-86D2-D47AEBEFA134}.Debug|Any CPU.ActiveCfg = Debug|Any CPU
		{BD17CF68-C4AB-4007-86D2-D47AEBEFA134}.Debug|Any CPU.Build.0 = Debug|Any CPU
		{BD17CF68-C4AB-4007-86D2-D47AEBEFA134}.Release|Any CPU.ActiveCfg = Release|Any CPU
		{BD17CF68-C4AB-4007-86D2-D47AEBEFA134}.Release|Any CPU.Build.0 = Release|Any CPU
		{A4B5C5B6-C32F-4DE1-BFAE-125C4468DA08}.Debug|Any CPU.ActiveCfg = Debug|Any CPU
		{A4B5C5B6-C32F-4DE1-BFAE-125C4468DA08}.Debug|Any CPU.Build.0 = Debug|Any CPU
		{A4B5C5B6-C32F-4DE1-BFAE-125C4468DA08}.Release|Any CPU.ActiveCfg = Release|Any CPU
		{A4B5C5B6-C32F-4DE1-BFAE-125C4468DA08}.Release|Any CPU.Build.0 = Release|Any CPU
		{39BD5AE9-A95E-499C-A00E-C91750735942}.Debug|Any CPU.ActiveCfg = Debug|Any CPU
		{39BD5AE9-A95E-499C-A00E-C91750735942}.Debug|Any CPU.Build.0 = Debug|Any CPU
		{39BD5AE9-A95E-499C-A00E-C91750735942}.Release|Any CPU.ActiveCfg = Release|Any CPU
		{39BD5AE9-A95E-499C-A00E-C91750735942}.Release|Any CPU.Build.0 = Release|Any CPU
		{7A398BD7-BE04-4F64-A8BE-12F97E3F126A}.Debug|Any CPU.ActiveCfg = Debug|Any CPU
		{7A398BD7-BE04-4F64-A8BE-12F97E3F126A}.Debug|Any CPU.Build.0 = Debug|Any CPU
		{7A398BD7-BE04-4F64-A8BE-12F97E3F126A}.Release|Any CPU.ActiveCfg = Release|Any CPU
		{7A398BD7-BE04-4F64-A8BE-12F97E3F126A}.Release|Any CPU.Build.0 = Release|Any CPU
		{C867C164-B5B0-48CB-9443-338F372C1A4C}.Debug|Any CPU.ActiveCfg = Debug|Any CPU
		{C867C164-B5B0-48CB-9443-338F372C1A4C}.Debug|Any CPU.Build.0 = Debug|Any CPU
		{C867C164-B5B0-48CB-9443-338F372C1A4C}.Release|Any CPU.ActiveCfg = Release|Any CPU
		{C867C164-B5B0-48CB-9443-338F372C1A4C}.Release|Any CPU.Build.0 = Release|Any CPU
		{F69A5A0A-DA3C-4150-9D20-27DD8EB609C5}.Debug|Any CPU.ActiveCfg = Debug|Any CPU
		{F69A5A0A-DA3C-4150-9D20-27DD8EB609C5}.Debug|Any CPU.Build.0 = Debug|Any CPU
		{F69A5A0A-DA3C-4150-9D20-27DD8EB609C5}.Release|Any CPU.ActiveCfg = Release|Any CPU
		{F69A5A0A-DA3C-4150-9D20-27DD8EB609C5}.Release|Any CPU.Build.0 = Release|Any CPU
		{CA20CAD1-3B8B-44AC-8A97-2C98B30B5C2F}.Debug|Any CPU.ActiveCfg = Debug|Any CPU
		{CA20CAD1-3B8B-44AC-8A97-2C98B30B5C2F}.Debug|Any CPU.Build.0 = Debug|Any CPU
		{CA20CAD1-3B8B-44AC-8A97-2C98B30B5C2F}.Release|Any CPU.ActiveCfg = Release|Any CPU
		{CA20CAD1-3B8B-44AC-8A97-2C98B30B5C2F}.Release|Any CPU.Build.0 = Release|Any CPU
		{22CEFEC6-E2AB-4D33-A73D-62FC3DB200CD}.Debug|Any CPU.ActiveCfg = Debug|Any CPU
		{22CEFEC6-E2AB-4D33-A73D-62FC3DB200CD}.Debug|Any CPU.Build.0 = Debug|Any CPU
		{22CEFEC6-E2AB-4D33-A73D-62FC3DB200CD}.Release|Any CPU.ActiveCfg = Release|Any CPU
		{22CEFEC6-E2AB-4D33-A73D-62FC3DB200CD}.Release|Any CPU.Build.0 = Release|Any CPU
		{BF52451A-8BBE-4300-A3B9-D15E0AC391CB}.Debug|Any CPU.ActiveCfg = Debug|Any CPU
		{BF52451A-8BBE-4300-A3B9-D15E0AC391CB}.Debug|Any CPU.Build.0 = Debug|Any CPU
		{BF52451A-8BBE-4300-A3B9-D15E0AC391CB}.Release|Any CPU.ActiveCfg = Release|Any CPU
		{BF52451A-8BBE-4300-A3B9-D15E0AC391CB}.Release|Any CPU.Build.0 = Release|Any CPU
		{6E670CD8-207C-4E96-B539-67EB9AC73F80}.Debug|Any CPU.ActiveCfg = Debug|Any CPU
		{6E670CD8-207C-4E96-B539-67EB9AC73F80}.Debug|Any CPU.Build.0 = Debug|Any CPU
		{6E670CD8-207C-4E96-B539-67EB9AC73F80}.Release|Any CPU.ActiveCfg = Release|Any CPU
		{6E670CD8-207C-4E96-B539-67EB9AC73F80}.Release|Any CPU.Build.0 = Release|Any CPU
		{2D694CD4-EF35-4D3A-8EA9-4E0F6BFCF578}.Debug|Any CPU.ActiveCfg = Debug|Any CPU
		{2D694CD4-EF35-4D3A-8EA9-4E0F6BFCF578}.Debug|Any CPU.Build.0 = Debug|Any CPU
		{2D694CD4-EF35-4D3A-8EA9-4E0F6BFCF578}.Release|Any CPU.ActiveCfg = Release|Any CPU
		{2D694CD4-EF35-4D3A-8EA9-4E0F6BFCF578}.Release|Any CPU.Build.0 = Release|Any CPU
		{0D3AC3C6-BFDC-4401-9883-CEBF28673737}.Debug|Any CPU.ActiveCfg = Debug|Any CPU
		{0D3AC3C6-BFDC-4401-9883-CEBF28673737}.Debug|Any CPU.Build.0 = Debug|Any CPU
		{0D3AC3C6-BFDC-4401-9883-CEBF28673737}.Release|Any CPU.ActiveCfg = Release|Any CPU
		{0D3AC3C6-BFDC-4401-9883-CEBF28673737}.Release|Any CPU.Build.0 = Release|Any CPU
		{90EFAF1D-ABD7-4623-A293-091315D840F1}.Debug|Any CPU.ActiveCfg = Debug|Any CPU
		{90EFAF1D-ABD7-4623-A293-091315D840F1}.Debug|Any CPU.Build.0 = Debug|Any CPU
		{90EFAF1D-ABD7-4623-A293-091315D840F1}.Release|Any CPU.ActiveCfg = Release|Any CPU
		{90EFAF1D-ABD7-4623-A293-091315D840F1}.Release|Any CPU.Build.0 = Release|Any CPU
		{475C371E-8E56-4E89-9BBF-1326117B1ED4}.Debug|Any CPU.ActiveCfg = Debug|Any CPU
		{475C371E-8E56-4E89-9BBF-1326117B1ED4}.Debug|Any CPU.Build.0 = Debug|Any CPU
		{475C371E-8E56-4E89-9BBF-1326117B1ED4}.Release|Any CPU.ActiveCfg = Release|Any CPU
		{475C371E-8E56-4E89-9BBF-1326117B1ED4}.Release|Any CPU.Build.0 = Release|Any CPU
		{CB3B8D25-5FB2-4FB5-AAD1-E9EF8C63E700}.Debug|Any CPU.ActiveCfg = Debug|Any CPU
		{CB3B8D25-5FB2-4FB5-AAD1-E9EF8C63E700}.Debug|Any CPU.Build.0 = Debug|Any CPU
		{CB3B8D25-5FB2-4FB5-AAD1-E9EF8C63E700}.Release|Any CPU.ActiveCfg = Release|Any CPU
		{CB3B8D25-5FB2-4FB5-AAD1-E9EF8C63E700}.Release|Any CPU.Build.0 = Release|Any CPU
		{9CECA362-7B1D-411F-A07E-8758B09D34BB}.Debug|Any CPU.ActiveCfg = Debug|Any CPU
		{9CECA362-7B1D-411F-A07E-8758B09D34BB}.Debug|Any CPU.Build.0 = Debug|Any CPU
		{9CECA362-7B1D-411F-A07E-8758B09D34BB}.Release|Any CPU.ActiveCfg = Release|Any CPU
		{9CECA362-7B1D-411F-A07E-8758B09D34BB}.Release|Any CPU.Build.0 = Release|Any CPU
		{F5B40A91-C8D7-4DEE-8718-E011EA67E461}.Debug|Any CPU.ActiveCfg = Debug|Any CPU
		{F5B40A91-C8D7-4DEE-8718-E011EA67E461}.Debug|Any CPU.Build.0 = Debug|Any CPU
		{F5B40A91-C8D7-4DEE-8718-E011EA67E461}.Release|Any CPU.ActiveCfg = Release|Any CPU
		{F5B40A91-C8D7-4DEE-8718-E011EA67E461}.Release|Any CPU.Build.0 = Release|Any CPU
		{5BFDF4E5-9714-450C-A898-4F3B83377129}.Debug|Any CPU.ActiveCfg = Debug|Any CPU
		{5BFDF4E5-9714-450C-A898-4F3B83377129}.Debug|Any CPU.Build.0 = Debug|Any CPU
		{5BFDF4E5-9714-450C-A898-4F3B83377129}.Release|Any CPU.ActiveCfg = Release|Any CPU
		{5BFDF4E5-9714-450C-A898-4F3B83377129}.Release|Any CPU.Build.0 = Release|Any CPU
		{4EC5DB68-409A-498A-BC04-7D239346011B}.Debug|Any CPU.ActiveCfg = Debug|Any CPU
		{4EC5DB68-409A-498A-BC04-7D239346011B}.Debug|Any CPU.Build.0 = Debug|Any CPU
		{4EC5DB68-409A-498A-BC04-7D239346011B}.Release|Any CPU.ActiveCfg = Release|Any CPU
		{4EC5DB68-409A-498A-BC04-7D239346011B}.Release|Any CPU.Build.0 = Release|Any CPU
		{C7EB7C04-5868-433B-88D3-0CA853811F2B}.Debug|Any CPU.ActiveCfg = Debug|Any CPU
		{C7EB7C04-5868-433B-88D3-0CA853811F2B}.Debug|Any CPU.Build.0 = Debug|Any CPU
		{C7EB7C04-5868-433B-88D3-0CA853811F2B}.Release|Any CPU.ActiveCfg = Release|Any CPU
		{C7EB7C04-5868-433B-88D3-0CA853811F2B}.Release|Any CPU.Build.0 = Release|Any CPU
		{82DA405D-E626-4971-902B-CBC2C71C5525}.Debug|Any CPU.ActiveCfg = Debug|Any CPU
		{82DA405D-E626-4971-902B-CBC2C71C5525}.Debug|Any CPU.Build.0 = Debug|Any CPU
		{82DA405D-E626-4971-902B-CBC2C71C5525}.Release|Any CPU.ActiveCfg = Release|Any CPU
		{82DA405D-E626-4971-902B-CBC2C71C5525}.Release|Any CPU.Build.0 = Release|Any CPU
		{2A27372E-17BC-4D84-94F9-916CCD13C28A}.Debug|Any CPU.ActiveCfg = Debug|Any CPU
		{2A27372E-17BC-4D84-94F9-916CCD13C28A}.Debug|Any CPU.Build.0 = Debug|Any CPU
		{2A27372E-17BC-4D84-94F9-916CCD13C28A}.Release|Any CPU.ActiveCfg = Release|Any CPU
		{2A27372E-17BC-4D84-94F9-916CCD13C28A}.Release|Any CPU.Build.0 = Release|Any CPU
		{34FDB1D8-75F6-4FB6-B0C7-C5989D16672A}.Debug|Any CPU.ActiveCfg = Debug|Any CPU
		{34FDB1D8-75F6-4FB6-B0C7-C5989D16672A}.Debug|Any CPU.Build.0 = Debug|Any CPU
		{34FDB1D8-75F6-4FB6-B0C7-C5989D16672A}.Release|Any CPU.ActiveCfg = Release|Any CPU
		{34FDB1D8-75F6-4FB6-B0C7-C5989D16672A}.Release|Any CPU.Build.0 = Release|Any CPU
		{2C2CD4C3-719C-40E4-9D89-191AB002C605}.Debug|Any CPU.ActiveCfg = Debug|Any CPU
		{2C2CD4C3-719C-40E4-9D89-191AB002C605}.Debug|Any CPU.Build.0 = Debug|Any CPU
		{2C2CD4C3-719C-40E4-9D89-191AB002C605}.Release|Any CPU.ActiveCfg = Release|Any CPU
		{2C2CD4C3-719C-40E4-9D89-191AB002C605}.Release|Any CPU.Build.0 = Release|Any CPU
		{D1670CBF-15E2-4CFD-8D07-F81A973E76CB}.Debug|Any CPU.ActiveCfg = Debug|Any CPU
		{D1670CBF-15E2-4CFD-8D07-F81A973E76CB}.Debug|Any CPU.Build.0 = Debug|Any CPU
		{D1670CBF-15E2-4CFD-8D07-F81A973E76CB}.Release|Any CPU.ActiveCfg = Release|Any CPU
		{D1670CBF-15E2-4CFD-8D07-F81A973E76CB}.Release|Any CPU.Build.0 = Release|Any CPU
		{9E5112F9-9473-40B4-BD9C-C2F28EA78E55}.Debug|Any CPU.ActiveCfg = Debug|Any CPU
		{9E5112F9-9473-40B4-BD9C-C2F28EA78E55}.Debug|Any CPU.Build.0 = Debug|Any CPU
		{9E5112F9-9473-40B4-BD9C-C2F28EA78E55}.Release|Any CPU.ActiveCfg = Release|Any CPU
		{9E5112F9-9473-40B4-BD9C-C2F28EA78E55}.Release|Any CPU.Build.0 = Release|Any CPU
		{28FF93A2-7578-4B52-AC1B-9E75C9CC1607}.Debug|Any CPU.ActiveCfg = Debug|Any CPU
		{28FF93A2-7578-4B52-AC1B-9E75C9CC1607}.Debug|Any CPU.Build.0 = Debug|Any CPU
		{28FF93A2-7578-4B52-AC1B-9E75C9CC1607}.Release|Any CPU.ActiveCfg = Release|Any CPU
		{28FF93A2-7578-4B52-AC1B-9E75C9CC1607}.Release|Any CPU.Build.0 = Release|Any CPU
		{584D28FE-7116-4323-84E3-58BBA96DBA22}.Debug|Any CPU.ActiveCfg = Debug|Any CPU
		{584D28FE-7116-4323-84E3-58BBA96DBA22}.Debug|Any CPU.Build.0 = Debug|Any CPU
		{584D28FE-7116-4323-84E3-58BBA96DBA22}.Release|Any CPU.ActiveCfg = Release|Any CPU
		{584D28FE-7116-4323-84E3-58BBA96DBA22}.Release|Any CPU.Build.0 = Release|Any CPU
		{5A8BE6D7-8D54-40A0-8B9D-8517B04F2C74}.Debug|Any CPU.ActiveCfg = Debug|Any CPU
		{5A8BE6D7-8D54-40A0-8B9D-8517B04F2C74}.Debug|Any CPU.Build.0 = Debug|Any CPU
		{5A8BE6D7-8D54-40A0-8B9D-8517B04F2C74}.Release|Any CPU.ActiveCfg = Release|Any CPU
		{5A8BE6D7-8D54-40A0-8B9D-8517B04F2C74}.Release|Any CPU.Build.0 = Release|Any CPU
		{698618F3-32D2-4946-BB59-20A6E9F93081}.Debug|Any CPU.ActiveCfg = Debug|Any CPU
		{698618F3-32D2-4946-BB59-20A6E9F93081}.Debug|Any CPU.Build.0 = Debug|Any CPU
		{698618F3-32D2-4946-BB59-20A6E9F93081}.Release|Any CPU.ActiveCfg = Release|Any CPU
		{698618F3-32D2-4946-BB59-20A6E9F93081}.Release|Any CPU.Build.0 = Release|Any CPU
		{6F1836C7-4867-4FE6-9877-153D577FEA00}.Debug|Any CPU.ActiveCfg = Debug|Any CPU
		{6F1836C7-4867-4FE6-9877-153D577FEA00}.Debug|Any CPU.Build.0 = Debug|Any CPU
		{6F1836C7-4867-4FE6-9877-153D577FEA00}.Release|Any CPU.ActiveCfg = Release|Any CPU
		{6F1836C7-4867-4FE6-9877-153D577FEA00}.Release|Any CPU.Build.0 = Release|Any CPU
		{312C799A-303E-4E69-BD44-36DD69D45428}.Debug|Any CPU.ActiveCfg = Debug|Any CPU
		{312C799A-303E-4E69-BD44-36DD69D45428}.Debug|Any CPU.Build.0 = Debug|Any CPU
		{312C799A-303E-4E69-BD44-36DD69D45428}.Release|Any CPU.ActiveCfg = Release|Any CPU
		{312C799A-303E-4E69-BD44-36DD69D45428}.Release|Any CPU.Build.0 = Release|Any CPU
	EndGlobalSection
	GlobalSection(SolutionProperties) = preSolution
		HideSolutionNode = FALSE
	EndGlobalSection
	GlobalSection(ExtensibilityGlobals) = postSolution
		SolutionGuid = {D8EE47B7-FDC9-410F-9E48-6B804926B0DF}
	EndGlobalSection
EndGlobal
